
Microsoft Visual Studio Solution File, Format Version 12.00
# Visual Studio Version 17
VisualStudioVersion = 17.14.37628.2 d17.14
MinimumVisualStudioVersion = 10.0.40219.1
Project("{FAE04EC0-301F-11D3-BF4B-00C04F79EFBC}") = "GymApp.Backend", "GymApp.Backend\GymApp.Backend.csproj", "{4963A661-2352-4086-AD98-D4F1A67338AE}"
EndProject
Project("{FAE04EC0-301F-11D3-BF4B-00C04F79EFBC}") = "GymApp.Frontend", "GymApp.Frontend\GymApp.Frontend.csproj", "{6E4DE514-9B59-44B8-A6BF-B5EE144F226E}"
EndProject
Global
	GlobalSection(SolutionConfigurationPlatforms) = preSolution
		Debug|Any CPU = Debug|Any CPU
		Release|Any CPU = Release|Any CPU
	EndGlobalSection
	GlobalSection(ProjectConfigurationPlatforms) = postSolution
		{4963A661-2352-4086-AD98-D4F1A67338AE}.Debug|Any CPU.ActiveCfg = Debug|Any CPU
		{4963A661-2352-4086-AD98-D4F1A67338AE}.Debug|Any CPU.Build.0 = Debug|Any CPU
		{4963A661-2352-4086-AD98-D4F1A67338AE}.Release|Any CPU.ActiveCfg = Release|Any CPU
		{4963A661-2352-4086-AD98-D4F1A67338AE}.Release|Any CPU.Build.0 = Release|Any CPU
		{6E4DE514-9B59-44B8-A6BF-B5EE144F226E}.Debug|Any CPU.ActiveCfg = Debug|Any CPU
		{6E4DE514-9B59-44B8-A6BF-B5EE144F226E}.Debug|Any CPU.Build.0 = Debug|Any CPU
		{6E4DE514-9B59-44B8-A6BF-B5EE144F226E}.Release|Any CPU.ActiveCfg = Release|Any CPU
		{6E4DE514-9B59-44B8-A6BF-B5EE144F226E}.Release|Any CPU.Build.0 = Release|Any CPU
	EndGlobalSection
	GlobalSection(SolutionProperties) = preSolution
		HideSolutionNode = FALSE
	EndGlobalSection
	GlobalSection(ExtensibilityGlobals) = postSolution
		SolutionGuid = {CA61EAC7-93CB-4185-B383-36D56DD1EE6C}
	EndGlobalSection
EndGlobal
